
Microsoft Visual Studio Solution File, Format Version 12.00
# Visual Studio Version 17
VisualStudioVersion = 17.14.36518.9 d17.14
MinimumVisualStudioVersion = 10.0.40219.1
Project("{8BC9CEB8-8B4A-11D0-8D11-00A0C91BC942}") = "Date09_24_2025_顺序表", "Date09_24_2025_顺序表\Date09_24_2025_顺序表.vcxproj", "{95A45BEF-9B65-407D-9443-128CFCACA11B}"
EndProject
Global
	GlobalSection(SolutionConfigurationPlatforms) = preSolution
		Debug|x64 = Debug|x64
		Debug|x86 = Debug|x86
		Release|x64 = Release|x64
		Release|x86 = Release|x86
	EndGlobalSection
	GlobalSection(ProjectConfigurationPlatforms) = postSolution
		{95A45BEF-9B65-407D-9443-128CFCACA11B}.Debug|x64.ActiveCfg = Debug|x64
		{95A45BEF-9B65-407D-9443-128CFCACA11B}.Debug|x64.Build.0 = Debug|x64
		{95A45BEF-9B65-407D-9443-128CFCACA11B}.Debug|x86.ActiveCfg = Debug|Win32
		{95A45BEF-9B65-407D-9443-128CFCACA11B}.Debug|x86.Build.0 = Debug|Win32
		{95A45BEF-9B65-407D-9443-128CFCACA11B}.Release|x64.ActiveCfg = Release|x64
		{95A45BEF-9B65-407D-9443-128CFCACA11B}.Release|x64.Build.0 = Release|x64
		{95A45BEF-9B65-407D-9443-128CFCACA11B}.Release|x86.ActiveCfg = Release|Win32
		{95A45BEF-9B65-407D-9443-128CFCACA11B}.Release|x86.Build.0 = Release|Win32
	EndGlobalSection
	GlobalSection(SolutionProperties) = preSolution
		HideSolutionNode = FALSE
	EndGlobalSection
	GlobalSection(ExtensibilityGlobals) = postSolution
		SolutionGuid = {B5E36F67-E1E9-4C31-875A-08C541098D04}
	EndGlobalSection
EndGlobal
